# THIS IS AN AUTOGENERATED FILE. DO NOT EDIT THIS FILE DIRECTLY.
# yarn lockfile v1


"@bufbuild/protobuf@^2.0.0":
  version "2.2.2"
  resolved "https://registry.yarnpkg.com/@bufbuild/protobuf/-/protobuf-2.2.2.tgz#1a6d89603fb215dc4d4178052d05b30b83c75402"
  integrity sha512-UNtPCbrwrenpmrXuRwn9jYpPoweNXj8X5sMvYgsqYyaH8jQ6LfUJSk3dJLnBK+6sfYPrF4iAIo5sd5HQ+tg75A==

"@module-federation/runtime-tools@0.5.1":
  version "0.5.1"
  resolved "https://registry.yarnpkg.com/@module-federation/runtime-tools/-/runtime-tools-0.5.1.tgz#1b1f93837159a6bf0c0ba78730d589a5a8f74aa3"
  integrity sha512-nfBedkoZ3/SWyO0hnmaxuz0R0iGPSikHZOAZ0N/dVSQaIzlffUo35B5nlC2wgWIc0JdMZfkwkjZRrnuuDIJbzg==
  dependencies:
    "@module-federation/runtime" "0.5.1"
    "@module-federation/webpack-bundler-runtime" "0.5.1"

"@module-federation/runtime@0.5.1":
  version "0.5.1"
  resolved "https://registry.yarnpkg.com/@module-federation/runtime/-/runtime-0.5.1.tgz#b548a75e2068952ff66ad717cbf73fc921edd5d7"
  integrity sha512-xgiMUWwGLWDrvZc9JibuEbXIbhXg6z2oUkemogSvQ4LKvrl/n0kbqP1Blk669mXzyWbqtSp6PpvNdwaE1aN5xQ==
  dependencies:
    "@module-federation/sdk" "0.5.1"

"@module-federation/sdk@0.5.1":
  version "0.5.1"
  resolved "https://registry.yarnpkg.com/@module-federation/sdk/-/sdk-0.5.1.tgz#6c0a4053c23fa84db7aae7e4736496c541de7191"
  integrity sha512-exvchtjNURJJkpqjQ3/opdbfeT2wPKvrbnGnyRkrwW5o3FH1LaST1tkiNviT6OXTexGaVc2DahbdniQHVtQ7pA==

"@module-federation/webpack-bundler-runtime@0.5.1":
  version "0.5.1"
  resolved "https://registry.yarnpkg.com/@module-federation/webpack-bundler-runtime/-/webpack-bundler-runtime-0.5.1.tgz#ef626af0d57e3568c474d66d7d3797366e09cafd"
  integrity sha512-mMhRFH0k2VjwHt3Jol9JkUsmI/4XlrAoBG3E0o7HoyoPYv1UFOWyqAflfANcUPgbYpvqmyLzDcO+3IT36LXnrA==
  dependencies:
    "@module-federation/runtime" "0.5.1"
    "@module-federation/sdk" "0.5.1"

"@parcel/watcher-android-arm64@2.5.0":
  version "2.5.0"
  resolved "https://registry.yarnpkg.com/@parcel/watcher-android-arm64/-/watcher-android-arm64-2.5.0.tgz#e32d3dda6647791ee930556aee206fcd5ea0fb7a"
  integrity sha512-qlX4eS28bUcQCdribHkg/herLe+0A9RyYC+mm2PXpncit8z5b3nSqGVzMNR3CmtAOgRutiZ02eIJJgP/b1iEFQ==

"@parcel/watcher-darwin-arm64@2.5.0":
  version "2.5.0"
  resolved "https://registry.yarnpkg.com/@parcel/watcher-darwin-arm64/-/watcher-darwin-arm64-2.5.0.tgz#0d9e680b7e9ec1c8f54944f1b945aa8755afb12f"
  integrity sha512-hyZ3TANnzGfLpRA2s/4U1kbw2ZI4qGxaRJbBH2DCSREFfubMswheh8TeiC1sGZ3z2jUf3s37P0BBlrD3sjVTUw==

"@parcel/watcher-darwin-x64@2.5.0":
  version "2.5.0"
  resolved "https://registry.yarnpkg.com/@parcel/watcher-darwin-x64/-/watcher-darwin-x64-2.5.0.tgz#f9f1d5ce9d5878d344f14ef1856b7a830c59d1bb"
  integrity sha512-9rhlwd78saKf18fT869/poydQK8YqlU26TMiNg7AIu7eBp9adqbJZqmdFOsbZ5cnLp5XvRo9wcFmNHgHdWaGYA==

"@parcel/watcher-freebsd-x64@2.5.0":
  version "2.5.0"
  resolved "https://registry.yarnpkg.com/@parcel/watcher-freebsd-x64/-/watcher-freebsd-x64-2.5.0.tgz#2b77f0c82d19e84ff4c21de6da7f7d096b1a7e82"
  integrity sha512-syvfhZzyM8kErg3VF0xpV8dixJ+RzbUaaGaeb7uDuz0D3FK97/mZ5AJQ3XNnDsXX7KkFNtyQyFrXZzQIcN49Tw==

"@parcel/watcher-linux-arm-glibc@2.5.0":
  version "2.5.0"
  resolved "https://registry.yarnpkg.com/@parcel/watcher-linux-arm-glibc/-/watcher-linux-arm-glibc-2.5.0.tgz#92ed322c56dbafa3d2545dcf2803334aee131e42"
  integrity sha512-0VQY1K35DQET3dVYWpOaPFecqOT9dbuCfzjxoQyif1Wc574t3kOSkKevULddcR9znz1TcklCE7Ht6NIxjvTqLA==

"@parcel/watcher-linux-arm-musl@2.5.0":
  version "2.5.0"
  resolved "https://registry.yarnpkg.com/@parcel/watcher-linux-arm-musl/-/watcher-linux-arm-musl-2.5.0.tgz#cd48e9bfde0cdbbd2ecd9accfc52967e22f849a4"
  integrity sha512-6uHywSIzz8+vi2lAzFeltnYbdHsDm3iIB57d4g5oaB9vKwjb6N6dRIgZMujw4nm5r6v9/BQH0noq6DzHrqr2pA==

"@parcel/watcher-linux-arm64-glibc@2.5.0":
  version "2.5.0"
  resolved "https://registry.yarnpkg.com/@parcel/watcher-linux-arm64-glibc/-/watcher-linux-arm64-glibc-2.5.0.tgz#7b81f6d5a442bb89fbabaf6c13573e94a46feb03"
  integrity sha512-BfNjXwZKxBy4WibDb/LDCriWSKLz+jJRL3cM/DllnHH5QUyoiUNEp3GmL80ZqxeumoADfCCP19+qiYiC8gUBjA==

"@parcel/watcher-linux-arm64-musl@2.5.0":
  version "2.5.0"
  resolved "https://registry.yarnpkg.com/@parcel/watcher-linux-arm64-musl/-/watcher-linux-arm64-musl-2.5.0.tgz#dcb8ff01077cdf59a18d9e0a4dff7a0cfe5fd732"
  integrity sha512-S1qARKOphxfiBEkwLUbHjCY9BWPdWnW9j7f7Hb2jPplu8UZ3nes7zpPOW9bkLbHRvWM0WDTsjdOTUgW0xLBN1Q==

"@parcel/watcher-linux-x64-glibc@2.5.0":
  version "2.5.0"
  resolved "https://registry.yarnpkg.com/@parcel/watcher-linux-x64-glibc/-/watcher-linux-x64-glibc-2.5.0.tgz#2e254600fda4e32d83942384d1106e1eed84494d"
  integrity sha512-d9AOkusyXARkFD66S6zlGXyzx5RvY+chTP9Jp0ypSTC9d4lzyRs9ovGf/80VCxjKddcUvnsGwCHWuF2EoPgWjw==

"@parcel/watcher-linux-x64-musl@2.5.0":
  version "2.5.0"
  resolved "https://registry.yarnpkg.com/@parcel/watcher-linux-x64-musl/-/watcher-linux-x64-musl-2.5.0.tgz#01fcea60fedbb3225af808d3f0a7b11229792eef"
  integrity sha512-iqOC+GoTDoFyk/VYSFHwjHhYrk8bljW6zOhPuhi5t9ulqiYq1togGJB5e3PwYVFFfeVgc6pbz3JdQyDoBszVaA==

"@parcel/watcher-win32-arm64@2.5.0":
  version "2.5.0"
  resolved "https://registry.yarnpkg.com/@parcel/watcher-win32-arm64/-/watcher-win32-arm64-2.5.0.tgz#87cdb16e0783e770197e52fb1dc027bb0c847154"
  integrity sha512-twtft1d+JRNkM5YbmexfcH/N4znDtjgysFaV9zvZmmJezQsKpkfLYJ+JFV3uygugK6AtIM2oADPkB2AdhBrNig==

"@parcel/watcher-win32-ia32@2.5.0":
  version "2.5.0"
  resolved "https://registry.yarnpkg.com/@parcel/watcher-win32-ia32/-/watcher-win32-ia32-2.5.0.tgz#778c39b56da33e045ba21c678c31a9f9d7c6b220"
  integrity sha512-+rgpsNRKwo8A53elqbbHXdOMtY/tAtTzManTWShB5Kk54N8Q9mzNWV7tV+IbGueCbcj826MfWGU3mprWtuf1TA==

"@parcel/watcher-win32-x64@2.5.0":
  version "2.5.0"
  resolved "https://registry.yarnpkg.com/@parcel/watcher-win32-x64/-/watcher-win32-x64-2.5.0.tgz#33873876d0bbc588aacce38e90d1d7480ce81cb7"
  integrity sha512-lPrxve92zEHdgeff3aiu4gDOIt4u7sJYha6wbdEZDCDUhtjTsOMiaJzG5lMY4GkWH8p0fMmO2Ppq5G5XXG+DQw==

"@parcel/watcher@^2.4.1":
  version "2.5.0"
  resolved "https://registry.yarnpkg.com/@parcel/watcher/-/watcher-2.5.0.tgz#5c88818b12b8de4307a9d3e6dc3e28eba0dfbd10"
  integrity sha512-i0GV1yJnm2n3Yq1qw6QrUrd/LI9bE8WEBOTtOkpCXHHdyN3TAGgqAK/DAT05z4fq2x04cARXt2pDmjWjL92iTQ==
  dependencies:
    detect-libc "^1.0.3"
    is-glob "^4.0.3"
    micromatch "^4.0.5"
    node-addon-api "^7.0.0"
  optionalDependencies:
    "@parcel/watcher-android-arm64" "2.5.0"
    "@parcel/watcher-darwin-arm64" "2.5.0"
    "@parcel/watcher-darwin-x64" "2.5.0"
    "@parcel/watcher-freebsd-x64" "2.5.0"
    "@parcel/watcher-linux-arm-glibc" "2.5.0"
    "@parcel/watcher-linux-arm-musl" "2.5.0"
    "@parcel/watcher-linux-arm64-glibc" "2.5.0"
    "@parcel/watcher-linux-arm64-musl" "2.5.0"
    "@parcel/watcher-linux-x64-glibc" "2.5.0"
    "@parcel/watcher-linux-x64-musl" "2.5.0"
    "@parcel/watcher-win32-arm64" "2.5.0"
    "@parcel/watcher-win32-ia32" "2.5.0"
    "@parcel/watcher-win32-x64" "2.5.0"

"@rsbuild/core@^1.0.19":
  version "1.1.0"
  resolved "https://registry.yarnpkg.com/@rsbuild/core/-/core-1.1.0.tgz#69f3f49162411bbcda058c56a2180871534b9790"
  integrity sha512-SyQlJjWgR1VwLt4nuiY0g6L9INv2koH232TeDZuopvNgbRytskD3kJ8bbGWBBXsQjZjtqBEh5ishqf8CIfF8dQ==
  dependencies:
    "@rspack/core" "~1.1.0"
    "@rspack/lite-tapable" "~1.0.1"
    "@swc/helpers" "^0.5.13"
    core-js "~3.39.0"
  optionalDependencies:
    fsevents "~2.3.3"

"@rsbuild/plugin-react@^1.0.6":
  version "1.0.7"
  resolved "https://registry.yarnpkg.com/@rsbuild/plugin-react/-/plugin-react-1.0.7.tgz#7764cc4f715da94e5b6a0ed7fe8a1a0a9229b447"
  integrity sha512-t7T/GqDwodusTAnxGpqVRnQ/G+HYh98zk71qIg19WkjVJJGv57AC1Ppx0/6zzbZAbxU60bfK8TeEEXjhXCdSxA==
  dependencies:
    "@rspack/plugin-react-refresh" "~1.0.0"
    react-refresh "^0.14.2"

"@rsbuild/plugin-sass@^1.1.0":
  version "1.1.0"
  resolved "https://registry.yarnpkg.com/@rsbuild/plugin-sass/-/plugin-sass-1.1.0.tgz#562b843fe5b3d1d5b4828e28a5818a3c549c1034"
  integrity sha512-7vF1Bygb3R8xd1jHOv1AourxQ/751fkh9gi/WGABVFMde/OxEpw5hDiAY4Wo+zsxLXOEPHB9eUuv/5P7udwFkg==
  dependencies:
    deepmerge "^4.3.1"
    loader-utils "^2.0.4"
    postcss "^8.4.47"
    reduce-configs "^1.0.0"
    sass-embedded "^1.80.4"

"@rspack/binding-darwin-arm64@1.1.0":
  version "1.1.0"
  resolved "https://registry.yarnpkg.com/@rspack/binding-darwin-arm64/-/binding-darwin-arm64-1.1.0.tgz#8ebde0225726d3f1371de8b5ad3e22d6b9e37ff7"
  integrity sha512-02YmzmtKMNHCSMzVT5sgbJuPDn+HunkrtWq0D95Fh9sGKYap9cs0JOpzTfyAL3KXJ9JzVfOAZA3VgVQOBaQNWQ==

"@rspack/binding-darwin-x64@1.1.0":
  version "1.1.0"
  resolved "https://registry.yarnpkg.com/@rspack/binding-darwin-x64/-/binding-darwin-x64-1.1.0.tgz#b3ab10e4b817402eaba5eb48fa1bbb1bf6c26f1b"
  integrity sha512-HtBh8p6hml7BWNtZaqWFtGbOFP/tvFDn1uPWmA3R32WTILUXNRWXIsLDY95U3Z2U1Gt3SL58SOpJjXlFIb6wZg==

"@rspack/binding-linux-arm64-gnu@1.1.0":
  version "1.1.0"
  resolved "https://registry.yarnpkg.com/@rspack/binding-linux-arm64-gnu/-/binding-linux-arm64-gnu-1.1.0.tgz#76f78940dc0c3718a219775332bac20b95260d53"
  integrity sha512-Q/i50Pieii3akdv5Q6my6QelV5Dpc8O/Ir4udpjYl0pbSdKamdI8M85fxrMxGAGcoNSD+X52fDvxJujXWMcP0w==

"@rspack/binding-linux-arm64-musl@1.1.0":
  version "1.1.0"
  resolved "https://registry.yarnpkg.com/@rspack/binding-linux-arm64-musl/-/binding-linux-arm64-musl-1.1.0.tgz#34cabc6907d5905be80af92af991fb5cc5328f51"
  integrity sha512-H7Eu3xC7LWPpxrI47n8X361eEGGpQOjZIWTz8tLdn4oNS2D9kqsBYES7LsuuLTTH4ueHTDuEtDdfZpBsE+qesw==

"@rspack/binding-linux-x64-gnu@1.1.0":
  version "1.1.0"
  resolved "https://registry.yarnpkg.com/@rspack/binding-linux-x64-gnu/-/binding-linux-x64-gnu-1.1.0.tgz#4ad3ad8e68ede4963fe4f005738dd58fc73a161d"
  integrity sha512-dIZSutPo2z/OaO2f6SVlcYA6lGBH+4TrRtWmMyPshpTNPrkCGGfDhC43fZ4jCiUj2PO/Hcn8jyKhci4leBsVBA==

"@rspack/binding-linux-x64-musl@1.1.0":
  version "1.1.0"
  resolved "https://registry.yarnpkg.com/@rspack/binding-linux-x64-musl/-/binding-linux-x64-musl-1.1.0.tgz#7ac1820b4fd79538bd464da1d0ae7356cd416218"
  integrity sha512-f6L2JWgbG9PKWnVw2YNZdntjzia1V2w2Xq458HkCQUDwhnEipWXaZ2zhfD9jcb4UYoMP8/2uD3B96sSFFNTdrQ==

"@rspack/binding-win32-arm64-msvc@1.1.0":
  version "1.1.0"
  resolved "https://registry.yarnpkg.com/@rspack/binding-win32-arm64-msvc/-/binding-win32-arm64-msvc-1.1.0.tgz#b43c7808a0af52af2f42217bc85772dbb09a4477"
  integrity sha512-opo6XR4iXh/QkHiauVQBlU2xR2JyjDmSwgkION27oszu81nr+IajTSXQX96x5I6Bq48GQLU4rItHse/doctQDA==

"@rspack/binding-win32-ia32-msvc@1.1.0":
  version "1.1.0"
  resolved "https://registry.yarnpkg.com/@rspack/binding-win32-ia32-msvc/-/binding-win32-ia32-msvc-1.1.0.tgz#dfcd6688b33f787ac1183b6e87869bf9e0bbb981"
  integrity sha512-FBcG+OPJokSE3nPi1+ZamLK2V4IWdNC+GMr0z7LUrBiKc5lO70y5VkldfyPV1Z+doSuroVINlhK+lRHdQgGwYg==

"@rspack/binding-win32-x64-msvc@1.1.0":
  version "1.1.0"
  resolved "https://registry.yarnpkg.com/@rspack/binding-win32-x64-msvc/-/binding-win32-x64-msvc-1.1.0.tgz#220bfcb274759875f5dc8fe20c8307f9c2b09ba7"
  integrity sha512-H/6Glp1nZvxWAD5+2hRrp1kBs9f+pLb/un2TdFSUNd2tyXq5GyHCe70+N9psbe/jjGxD8e1vPNQtN/VvkuR0Zg==

"@rspack/binding@1.1.0":
  version "1.1.0"
  resolved "https://registry.yarnpkg.com/@rspack/binding/-/binding-1.1.0.tgz#15da3c6ac6c39742cb6fc28355881ee881074467"
  integrity sha512-zLduWacrw/bBYiFvhjN70f+AJxXnTzevywXp54vso8d0Nz7z4KIycdz/Ua5AGRUkG2ZuQw6waypN5pXf48EBcA==
  optionalDependencies:
    "@rspack/binding-darwin-arm64" "1.1.0"
    "@rspack/binding-darwin-x64" "1.1.0"
    "@rspack/binding-linux-arm64-gnu" "1.1.0"
    "@rspack/binding-linux-arm64-musl" "1.1.0"
    "@rspack/binding-linux-x64-gnu" "1.1.0"
    "@rspack/binding-linux-x64-musl" "1.1.0"
    "@rspack/binding-win32-arm64-msvc" "1.1.0"
    "@rspack/binding-win32-ia32-msvc" "1.1.0"
    "@rspack/binding-win32-x64-msvc" "1.1.0"

"@rspack/core@~1.1.0":
  version "1.1.0"
  resolved "https://registry.yarnpkg.com/@rspack/core/-/core-1.1.0.tgz#67f3b178d7de149392fc42c848b43899a5c1606a"
  integrity sha512-+IYWSe9D3wB97VVBfaojuWLv3wGIBe9pfJkxNObkorN60Nj3UHYzBLuACrHn4hW2mZjAWrv06ReHXJUEGzQqaQ==
  dependencies:
    "@module-federation/runtime-tools" "0.5.1"
    "@rspack/binding" "1.1.0"
    "@rspack/lite-tapable" "1.0.1"
    caniuse-lite "^1.0.30001616"

"@rspack/lite-tapable@1.0.1", "@rspack/lite-tapable@~1.0.1":
  version "1.0.1"
  resolved "https://registry.yarnpkg.com/@rspack/lite-tapable/-/lite-tapable-1.0.1.tgz#d4540a5d28bd6177164bc0ba0bee4bdec0458591"
  integrity sha512-VynGOEsVw2s8TAlLf/uESfrgfrq2+rcXB1muPJYBWbsm1Oa6r5qVQhjA5ggM6z/coYPrsVMgovl3Ff7Q7OCp1w==

"@rspack/plugin-react-refresh@~1.0.0":
  version "1.0.0"
  resolved "https://registry.yarnpkg.com/@rspack/plugin-react-refresh/-/plugin-react-refresh-1.0.0.tgz#7e0cc22b157d25131be4283667cdbb86960a3650"
  integrity sha512-WvXkLewW5G0Mlo5H1b251yDh5FFiH4NDAbYlFpvFjcuXX2AchZRf9zdw57BDE/ADyWsJgA8kixN/zZWBTN3iYA==
  dependencies:
    error-stack-parser "^2.0.6"
    html-entities "^2.1.0"

"@swc/helpers@^0.5.13":
  version "0.5.13"
  resolved "https://registry.yarnpkg.com/@swc/helpers/-/helpers-0.5.13.tgz#33e63ff3cd0cade557672bd7888a39ce7d115a8c"
  integrity sha512-UoKGxQ3r5kYI9dALKJapMmuK+1zWM/H17Z1+iwnNmzcJRnfFuevZs375TA5rW31pu4BS4NoSy1fRsexDXfWn5w==
  dependencies:
    tslib "^2.4.0"

"@types/prop-types@*":
  version "15.7.13"
  resolved "https://registry.yarnpkg.com/@types/prop-types/-/prop-types-15.7.13.tgz#2af91918ee12d9d32914feb13f5326658461b451"
  integrity sha512-hCZTSvwbzWGvhqxp/RqVqwU999pBf2vp7hzIjiYOsl8wqOmUxkQ6ddw1cV3l8811+kdUFus/q4d1Y3E3SyEifA==

"@types/react-dom@^18.3.1":
  version "18.3.1"
  resolved "https://registry.yarnpkg.com/@types/react-dom/-/react-dom-18.3.1.tgz#1e4654c08a9cdcfb6594c780ac59b55aad42fe07"
  integrity sha512-qW1Mfv8taImTthu4KoXgDfLuk4bydU6Q/TkADnDWWHwi4NX4BR+LWfTp2sVmTqRrsHvyDDTelgelxJ+SsejKKQ==
  dependencies:
    "@types/react" "*"

"@types/react@*", "@types/react@^18.3.12":
  version "18.3.12"
  resolved "https://registry.yarnpkg.com/@types/react/-/react-18.3.12.tgz#99419f182ccd69151813b7ee24b792fe08774f60"
  integrity sha512-D2wOSq/d6Agt28q7rSI3jhU7G6aiuzljDGZ2hTZHIkrTLUI+AF3WMeKkEZ9nN2fkBAlcktT6vcZjDFiIhMYEQw==
  dependencies:
    "@types/prop-types" "*"
    csstype "^3.0.2"

big.js@^5.2.2:
  version "5.2.2"
  resolved "https://registry.yarnpkg.com/big.js/-/big.js-5.2.2.tgz#65f0af382f578bcdc742bd9c281e9cb2d7768328"
  integrity sha512-vyL2OymJxmarO8gxMr0mhChsO9QGwhynfuu4+MHTAW6czfq9humCB7rKpUjDd9YUiDPU4mzpyupFSvOClAwbmQ==

braces@^3.0.3:
  version "3.0.3"
  resolved "https://registry.yarnpkg.com/braces/-/braces-3.0.3.tgz#490332f40919452272d55a8480adc0c441358789"
  integrity sha512-yQbXgO/OSZVD2IsiLlro+7Hf6Q18EJrKSEsdoMzKePKXct3gvD8oLcOQdIzGupr5Fj+EDe8gO/lxc1BzfMpxvA==
  dependencies:
    fill-range "^7.1.1"

browserslist@^4.23.1:
  version "4.24.2"
  resolved "https://registry.yarnpkg.com/browserslist/-/browserslist-4.24.2.tgz#f5845bc91069dbd55ee89faf9822e1d885d16580"
  integrity sha512-ZIc+Q62revdMcqC6aChtW4jz3My3klmCO1fEmINZY/8J3EpBg5/A/D0AKmBveUh6pgoeycoMkVMko84tuYS+Gg==
  dependencies:
    caniuse-lite "^1.0.30001669"
    electron-to-chromium "^1.5.41"
    node-releases "^2.0.18"
    update-browserslist-db "^1.1.1"

buffer-builder@^0.2.0:
  version "0.2.0"
  resolved "https://registry.yarnpkg.com/buffer-builder/-/buffer-builder-0.2.0.tgz#3322cd307d8296dab1f604618593b261a3fade8f"
  integrity sha512-7VPMEPuYznPSoR21NE1zvd2Xna6c/CloiZCfcMXR1Jny6PjX0N4Nsa38zcBFo/FMK+BlA+FLKbJCQ0i2yxp+Xg==

caniuse-lite@^1.0.30001616, caniuse-lite@^1.0.30001669:
  version "1.0.30001679"
  resolved "https://registry.yarnpkg.com/caniuse-lite/-/caniuse-lite-1.0.30001679.tgz#18c573b72f72ba70822194f6c39e7888597f9e32"
  integrity sha512-j2YqID/YwpLnKzCmBOS4tlZdWprXm3ZmQLBH9ZBXFOhoxLA46fwyBvx6toCBWBmnuwUY/qB3kEU6gFx8qgCroA==

chokidar@^4.0.0:
  version "4.0.1"
  resolved "https://registry.yarnpkg.com/chokidar/-/chokidar-4.0.1.tgz#4a6dff66798fb0f72a94f616abbd7e1a19f31d41"
  integrity sha512-n8enUVCED/KVRQlab1hr3MVpcVMvxtZjmEa956u+4YijlmQED223XMSYj2tLuKvr4jcCTzNNMpQDUer72MMmzA==
  dependencies:
    readdirp "^4.0.1"

colorjs.io@^0.5.0:
  version "0.5.2"
  resolved "https://registry.yarnpkg.com/colorjs.io/-/colorjs.io-0.5.2.tgz#63b20139b007591ebc3359932bef84628eb3fcef"
  integrity sha512-twmVoizEW7ylZSN32OgKdXRmo1qg+wT5/6C3xu5b9QsWzSFAhHLn2xd8ro0diCsKfCj1RdaTP/nrcW+vAoQPIw==

core-js@~3.39.0:
  version "3.39.0"
  resolved "https://registry.yarnpkg.com/core-js/-/core-js-3.39.0.tgz#57f7647f4d2d030c32a72ea23a0555b2eaa30f83"
  integrity sha512-raM0ew0/jJUqkJ0E6e8UDtl+y/7ktFivgWvqw8dNSQeNWoSDLvQ1H/RN3aPXB9tBd4/FhyR4RDPGhsNIMsAn7g==

csstype@^3.0.2:
  version "3.1.3"
  resolved "https://registry.yarnpkg.com/csstype/-/csstype-3.1.3.tgz#d80ff294d114fb0e6ac500fbf85b60137d7eff81"
  integrity sha512-M1uQkMl8rQK/szD0LNhtqxIPLpimGm8sOBwU7lLnCpSbTyY3yeU1Vc7l4KT5zT4s/yOxHH5O7tIuuLOCnLADRw==

deepmerge@^4.3.1:
  version "4.3.1"
  resolved "https://registry.yarnpkg.com/deepmerge/-/deepmerge-4.3.1.tgz#44b5f2147cd3b00d4b56137685966f26fd25dd4a"
  integrity sha512-3sUqbMEc77XqpdNO7FRyRog+eW3ph+GYCbj+rK+uYyRMuwsVy0rMiVtPn+QJlKFvWP/1PYpapqYn0Me2knFn+A==

detect-libc@^1.0.3:
  version "1.0.3"
  resolved "https://registry.yarnpkg.com/detect-libc/-/detect-libc-1.0.3.tgz#fa137c4bd698edf55cd5cd02ac559f91a4c4ba9b"
  integrity sha512-pGjwhsmsp4kL2RTz08wcOlGN83otlqHeD/Z5T8GXZB+/YcpQ/dgo+lbU8ZsGxV0HIvqqxo9l7mqYwyYMD9bKDg==

electron-to-chromium@^1.5.41:
  version "1.5.55"
  resolved "https://registry.yarnpkg.com/electron-to-chromium/-/electron-to-chromium-1.5.55.tgz#73684752aa2e1aa49cafb355a41386c6637e76a9"
  integrity sha512-6maZ2ASDOTBtjt9FhqYPRnbvKU5tjG0IN9SztUOWYw2AzNDNpKJYLJmlK0/En4Hs/aiWnB+JZ+gW19PIGszgKg==

emojis-list@^3.0.0:
  version "3.0.0"
  resolved "https://registry.yarnpkg.com/emojis-list/-/emojis-list-3.0.0.tgz#5570662046ad29e2e916e71aae260abdff4f6a78"
  integrity sha512-/kyM18EfinwXZbno9FyUGeFh87KC8HRQBQGildHZbEuRyWFOmv1U10o9BBp8XVZDVNNuQKyIGIu5ZYAAXJ0V2Q==

error-stack-parser@^2.0.6:
  version "2.1.4"
  resolved "https://registry.yarnpkg.com/error-stack-parser/-/error-stack-parser-2.1.4.tgz#229cb01cdbfa84440bfa91876285b94680188286"
  integrity sha512-Sk5V6wVazPhq5MhpO+AUxJn5x7XSXGl1R93Vn7i+zS15KDVxQijejNCrz8340/2bgLBjR9GtEG8ZVKONDjcqGQ==
  dependencies:
    stackframe "^1.3.4"

escalade@^3.2.0:
  version "3.2.0"
  resolved "https://registry.yarnpkg.com/escalade/-/escalade-3.2.0.tgz#011a3f69856ba189dffa7dc8fcce99d2a87903e5"
  integrity sha512-WUj2qlxaQtO4g6Pq5c29GTcWGDyd8itL8zTlipgECz3JesAiiOKotd8JU6otB3PACgG6xkJUyVhboMS+bje/jA==

fill-range@^7.1.1:
  version "7.1.1"
  resolved "https://registry.yarnpkg.com/fill-range/-/fill-range-7.1.1.tgz#44265d3cac07e3ea7dc247516380643754a05292"
  integrity sha512-YsGpe3WHLK8ZYi4tWDg2Jy3ebRz2rXowDxnld4bkQB00cc/1Zw9AWnC0i9ztDJitivtQvaI9KaLyKrc+hBW0yg==
  dependencies:
    to-regex-range "^5.0.1"

fsevents@~2.3.3:
  version "2.3.3"
  resolved "https://registry.yarnpkg.com/fsevents/-/fsevents-2.3.3.tgz#cac6407785d03675a2a5e1a5305c697b347d90d6"
  integrity sha512-5xoDfX+fL7faATnagmWPpbFtwh/R77WmMMqqHGS65C3vvB0YHrgF+B1YmZ3441tMj5n63k0212XNoJwzlhffQw==

has-flag@^4.0.0:
  version "4.0.0"
  resolved "https://registry.yarnpkg.com/has-flag/-/has-flag-4.0.0.tgz#944771fd9c81c81265c4d6941860da06bb59479b"
  integrity sha512-EykJT/Q1KjTWctppgIAgfSO0tKVuZUjhgMr17kqTumMl6Afv3EISleU7qZUzoXDFTAHTDC4NOoG/ZxU3EvlMPQ==

html-entities@^2.1.0:
  version "2.5.2"
  resolved "https://registry.yarnpkg.com/html-entities/-/html-entities-2.5.2.tgz#201a3cf95d3a15be7099521620d19dfb4f65359f"
  integrity sha512-K//PSRMQk4FZ78Kyau+mZurHn3FH0Vwr+H36eE0rPbeYkRRi9YxceYPhuN60UwWorxyKHhqoAJl2OFKa4BVtaA==

immutable@^4.0.0:
  version "4.3.7"
  resolved "https://registry.yarnpkg.com/immutable/-/immutable-4.3.7.tgz#c70145fc90d89fb02021e65c84eb0226e4e5a381"
  integrity sha512-1hqclzwYwjRDFLjcFxOM5AYkkG0rpFPpr1RLPMEuGczoS7YA8gLhy8SWXYRAA/XwfEHpfo3cw5JGioS32fnMRw==

is-extglob@^2.1.1:
  version "2.1.1"
  resolved "https://registry.yarnpkg.com/is-extglob/-/is-extglob-2.1.1.tgz#a88c02535791f02ed37c76a1b9ea9773c833f8c2"
  integrity sha512-SbKbANkN603Vi4jEZv49LeVJMn4yGwsbzZworEoyEiutsN3nJYdbO36zfhGJ6QEDpOZIFkDtnq5JRxmvl3jsoQ==

is-glob@^4.0.3:
  version "4.0.3"
  resolved "https://registry.yarnpkg.com/is-glob/-/is-glob-4.0.3.tgz#64f61e42cbbb2eec2071a9dac0b28ba1e65d5084"
  integrity sha512-xelSayHH36ZgE7ZWhli7pW34hNbNl8Ojv5KVmkJD4hBdD3th8Tfk9vYasLM+mXWOZhFkgZfxhLSnrwRr4elSSg==
  dependencies:
    is-extglob "^2.1.1"

is-number@^7.0.0:
  version "7.0.0"
  resolved "https://registry.yarnpkg.com/is-number/-/is-number-7.0.0.tgz#7535345b896734d5f80c4d06c50955527a14f12b"
  integrity sha512-41Cifkg6e8TylSpdtTpeLVMqvSBEVzTttHvERD741+pnZ8ANv0004MRL43QKPDlK9cGvNp6NZWZUBlbGXYxxng==

"js-tokens@^3.0.0 || ^4.0.0":
  version "4.0.0"
  resolved "https://registry.yarnpkg.com/js-tokens/-/js-tokens-4.0.0.tgz#19203fb59991df98e3a287050d4647cdeaf32499"
  integrity sha512-RdJUflcE3cUzKiMqQgsCu06FPu9UdIJO0beYbPhHN4k6apgJtifcoCtT9bcxOpYBtpD2kCM6Sbzg4CausW/PKQ==

json5@^2.1.2:
  version "2.2.3"
  resolved "https://registry.yarnpkg.com/json5/-/json5-2.2.3.tgz#78cd6f1a19bdc12b73db5ad0c61efd66c1e29283"
  integrity sha512-XmOWe7eyHYH14cLdVPoyg+GOH3rYX++KpzrylJwSW98t3Nk+U8XOl8FWKOgwtzdb8lXGf6zYwDUzeHMWfxasyg==

loader-utils@^2.0.4:
  version "2.0.4"
  resolved "https://registry.yarnpkg.com/loader-utils/-/loader-utils-2.0.4.tgz#8b5cb38b5c34a9a018ee1fc0e6a066d1dfcc528c"
  integrity sha512-xXqpXoINfFhgua9xiqD8fPFHgkoq1mmmpE92WlDbm9rNRd/EbRb+Gqf908T2DMfuHjjJlksiK2RbHVOdD/MqSw==
  dependencies:
    big.js "^5.2.2"
    emojis-list "^3.0.0"
    json5 "^2.1.2"

loose-envify@^1.1.0:
  version "1.4.0"
  resolved "https://registry.yarnpkg.com/loose-envify/-/loose-envify-1.4.0.tgz#71ee51fa7be4caec1a63839f7e682d8132d30caf"
  integrity sha512-lyuxPGr/Wfhrlem2CL/UcnUc1zcqKAImBDzukY7Y5F/yQiNdko6+fRLevlw1HgMySw7f611UIY408EtxRSoK3Q==
  dependencies:
    js-tokens "^3.0.0 || ^4.0.0"

micromatch@^4.0.5:
  version "4.0.8"
  resolved "https://registry.yarnpkg.com/micromatch/-/micromatch-4.0.8.tgz#d66fa18f3a47076789320b9b1af32bd86d9fa202"
  integrity sha512-PXwfBhYu0hBCPw8Dn0E+WDYb7af3dSLVWKi3HGv84IdF4TyFoC0ysxFd0Goxw7nSv4T/PzEJQxsYsEiFCKo2BA==
  dependencies:
    braces "^3.0.3"
    picomatch "^2.3.1"

nanoid@^3.3.7:
  version "3.3.7"
  resolved "https://registry.yarnpkg.com/nanoid/-/nanoid-3.3.7.tgz#d0c301a691bc8d54efa0a2226ccf3fe2fd656bd8"
  integrity sha512-eSRppjcPIatRIMC1U6UngP8XFcz8MQWGQdt1MTBQ7NaAmvXDfvNxbvWV3x2y6CdEUciCSsDHDQZbhYaB8QEo2g==

node-addon-api@^7.0.0:
  version "7.1.1"
  resolved "https://registry.yarnpkg.com/node-addon-api/-/node-addon-api-7.1.1.tgz#1aba6693b0f255258a049d621329329322aad558"
  integrity sha512-5m3bsyrjFWE1xf7nz7YXdN4udnVtXK6/Yfgn5qnahL6bCkf2yKt4k3nuTKAtT4r3IG8JNR2ncsIMdZuAzJjHQQ==

node-releases@^2.0.18:
  version "2.0.18"
  resolved "https://registry.yarnpkg.com/node-releases/-/node-releases-2.0.18.tgz#f010e8d35e2fe8d6b2944f03f70213ecedc4ca3f"
  integrity sha512-d9VeXT4SJ7ZeOqGX6R5EM022wpL+eWPooLI+5UpWn2jCT1aosUQEhQP214x33Wkwx3JQMvIm+tIoVOdodFS40g==

picocolors@^1.1.0:
  version "1.1.1"
  resolved "https://registry.yarnpkg.com/picocolors/-/picocolors-1.1.1.tgz#3d321af3eab939b083c8f929a1d12cda81c26b6b"
  integrity sha512-xceH2snhtb5M9liqDsmEw56le376mTZkEX/jEb/RxNFyegNul7eNslCXP9FDj/Lcu0X8KEyMceP2ntpaHrDEVA==

picomatch@^2.3.1:
  version "2.3.1"
  resolved "https://registry.yarnpkg.com/picomatch/-/picomatch-2.3.1.tgz#3ba3833733646d9d3e4995946c1365a67fb07a42"
  integrity sha512-JU3teHTNjmE2VCGFzuY8EXzCDVwEqB2a8fsIvwaStHhAWJEeVd1o1QD80CU6+ZdEXXSLbSsuLwJjkCBWqRQUVA==

postcss@^8.4.47:
  version "8.4.47"
  resolved "https://registry.yarnpkg.com/postcss/-/postcss-8.4.47.tgz#5bf6c9a010f3e724c503bf03ef7947dcb0fea365"
  integrity sha512-56rxCq7G/XfB4EkXq9Egn5GCqugWvDFjafDOThIdMBsI15iqPqR5r15TfSr1YPYeEI19YeaXMCbY6u88Y76GLQ==
  dependencies:
    nanoid "^3.3.7"
    picocolors "^1.1.0"
    source-map-js "^1.2.1"

react-dom@^18.3.1:
  version "18.3.1"
  resolved "https://registry.yarnpkg.com/react-dom/-/react-dom-18.3.1.tgz#c2265d79511b57d479b3dd3fdfa51536494c5cb4"
  integrity sha512-5m4nQKp+rZRb09LNH59GM4BxTh9251/ylbKIbpe7TpGxfJ+9kv6BLkLBXIjjspbgbnIBNqlI23tRnTWT0snUIw==
  dependencies:
    loose-envify "^1.1.0"
    scheduler "^0.23.2"

react-refresh@^0.14.2:
  version "0.14.2"
  resolved "https://registry.yarnpkg.com/react-refresh/-/react-refresh-0.14.2.tgz#3833da01ce32da470f1f936b9d477da5c7028bf9"
  integrity sha512-jCvmsr+1IUSMUyzOkRcvnVbX3ZYC6g9TDrDbFuFmRDq7PD4yaGbLKNQL6k2jnArV8hjYxh7hVhAZB6s9HDGpZA==

react@^18.3.1:
  version "18.3.1"
  resolved "https://registry.yarnpkg.com/react/-/react-18.3.1.tgz#49ab892009c53933625bd16b2533fc754cab2891"
  integrity sha512-wS+hAgJShR0KhEvPJArfuPVN1+Hz1t0Y6n5jLrGQbkb4urgPE/0Rve+1kMB1v/oWgHgm4WIcV+i7F2pTVj+2iQ==
  dependencies:
    loose-envify "^1.1.0"

readdirp@^4.0.1:
  version "4.0.2"
  resolved "https://registry.yarnpkg.com/readdirp/-/readdirp-4.0.2.tgz#388fccb8b75665da3abffe2d8f8ed59fe74c230a"
  integrity sha512-yDMz9g+VaZkqBYS/ozoBJwaBhTbZo3UNYQHNRw1D3UFQB8oHB4uS/tAODO+ZLjGWmUbKnIlOWO+aaIiAxrUWHA==

reduce-configs@^1.0.0:
  version "1.0.0"
  resolved "https://registry.yarnpkg.com/reduce-configs/-/reduce-configs-1.0.0.tgz#8686ed87104ed32d22051dcd652d0f4db876b429"
  integrity sha512-/JCYSgL/QeXXsq0Lv/7kOZfqvof7vyzHWfyNQPt3c6vc73mU4WRyT8RJ6ZH5Ci08vUOqXwk7jkZy6BycHTDD9w==
  dependencies:
    browserslist "^4.23.1"

rxjs@^7.4.0:
  version "7.8.1"
  resolved "https://registry.yarnpkg.com/rxjs/-/rxjs-7.8.1.tgz#6f6f3d99ea8044291efd92e7c7fcf562c4057543"
  integrity sha512-AA3TVj+0A2iuIoQkWEK/tqFjBq2j+6PO6Y0zJcvzLAFhEFIO3HL0vls9hWLncZbAAbK0mar7oZ4V079I/qPMxg==
  dependencies:
    tslib "^2.1.0"

sass-embedded-android-arm64@1.80.6:
  version "1.80.6"
  resolved "https://registry.yarnpkg.com/sass-embedded-android-arm64/-/sass-embedded-android-arm64-1.80.6.tgz#748df1f7deabea3a81c2c647661d9696090e1b81"
  integrity sha512-4rC4ZGM/k4ENVjLXnK3JTst8e8FI9MHSol2Fl7dCdYyJ3KLnlt4qL4AEYfU8zq1tcBb7CBOSZVR+CzCKubnXdg==

sass-embedded-android-arm@1.80.6:
  version "1.80.6"
  resolved "https://registry.yarnpkg.com/sass-embedded-android-arm/-/sass-embedded-android-arm-1.80.6.tgz#1fa2e08e5b2a77709f6e8cb8186c801ee140c0a9"
  integrity sha512-UeUKMTRsnz4/dh7IzvhjONxa4/jmVp539CHDd8VZOsqg9M3HcNJNIkUzQWbuwZ+nSlWrTuo7Tvn3XlypopCBzw==

sass-embedded-android-ia32@1.80.6:
  version "1.80.6"
  resolved "https://registry.yarnpkg.com/sass-embedded-android-ia32/-/sass-embedded-android-ia32-1.80.6.tgz#43674c98454a3adb5da3cca0ba23340128bfbdff"
  integrity sha512-Lxz2SXE2KdHnynuHF+D6flDvrd55/zaEAWUeka9MxEr6FmR66d8UBOIy5ETwCSUd//S/SE5Jl6oTnHppgD1zNA==

sass-embedded-android-riscv64@1.80.6:
  version "1.80.6"
  resolved "https://registry.yarnpkg.com/sass-embedded-android-riscv64/-/sass-embedded-android-riscv64-1.80.6.tgz#59c9d53b1c800b53221d56cf55d9cf84b4418bac"
  integrity sha512-hKdxY/oOqB+JJhSoBTDM5DJO1j/xtxQgayh2cLCCUx37IQQe3SEdc3V2JFf/4mIo5peaS4cjqwwSATF+l2zaXg==

sass-embedded-android-x64@1.80.6:
  version "1.80.6"
  resolved "https://registry.yarnpkg.com/sass-embedded-android-x64/-/sass-embedded-android-x64-1.80.6.tgz#a06a9f55f904c3ba628a3ae03c244f134f4f2bb1"
  integrity sha512-Eap2Fi3kTx/rVLBsOnOp5RYPr5+lFjTZ652zR24dmYFe9/sDgasakJIOPjOvD2bRuL9z0uWEY1AXVeeOPeZKrg==

sass-embedded-darwin-arm64@1.80.6:
  version "1.80.6"
  resolved "https://registry.yarnpkg.com/sass-embedded-darwin-arm64/-/sass-embedded-darwin-arm64-1.80.6.tgz#81a7019c92a8c8f76f7f98dfe15f6adfaf621e92"
  integrity sha512-0mnAx8Vq6Gxj3PQt3imgITfK33hhqrSKpyHSuab71gZZni5opsdtoggq2JawW+1taRFTEZwbZJLKZ0MBDbwCCA==

sass-embedded-darwin-x64@1.80.6:
  version "1.80.6"
  resolved "https://registry.yarnpkg.com/sass-embedded-darwin-x64/-/sass-embedded-darwin-x64-1.80.6.tgz#d1b551443930658bfa4cc92ca026d4b22023ce9d"
  integrity sha512-Ib20yNZFOrJ7YVT+ltoe+JQNKPcRclM3iLAK69XZZYcSeFM/72SCoQBAaVGIpT23dxDp7FXiE4lO602c3xTRwQ==

sass-embedded-linux-arm64@1.80.6:
  version "1.80.6"
  resolved "https://registry.yarnpkg.com/sass-embedded-linux-arm64/-/sass-embedded-linux-arm64-1.80.6.tgz#fe6255bbbe55590fb6405f098431b3841221a1b0"
  integrity sha512-n5r98pBXawrQQKaxIYCMM1zDpnngsqxTkOrmvsYLFiAMCSbR0lWf/7sBB33k/Pm0D6dsbp3jpHilCoQNKI3jIw==

sass-embedded-linux-arm@1.80.6:
  version "1.80.6"
  resolved "https://registry.yarnpkg.com/sass-embedded-linux-arm/-/sass-embedded-linux-arm-1.80.6.tgz#a6603b1ec087762a1128e836fd36851050b537b4"
  integrity sha512-QR0Q6TZox/ThuU2r9c0s3fKCgU2rXAEocpitdgxFp6tta+GsQlMFV3oON2unAa8Bwnuxkmf0YOaK0Oy/TwzkXw==

sass-embedded-linux-ia32@1.80.6:
  version "1.80.6"
  resolved "https://registry.yarnpkg.com/sass-embedded-linux-ia32/-/sass-embedded-linux-ia32-1.80.6.tgz#bedb53348f7e384ceabc9e0158b086045779af07"
  integrity sha512-O6dWZdcOkryRdDCxVMGOeVowgblpDgVcAuRtZ1F1X7XfbpDriTQm64D+9vVZIrywYSPoJfQMJJ662cr0wUs9IQ==

sass-embedded-linux-musl-arm64@1.80.6:
  version "1.80.6"
  resolved "https://registry.yarnpkg.com/sass-embedded-linux-musl-arm64/-/sass-embedded-linux-musl-arm64-1.80.6.tgz#0f0e0bb68c90f0ae920d9a06760241f3f58c7a76"
  integrity sha512-VeUSHUi3MAsvOlg9QI4X/2j04h1659aE+7qKP/282CYBTrGkjFGSXZhIki9WKWDgIpDiSInRYXfQQRWhPhjCDg==

sass-embedded-linux-musl-arm@1.80.6:
  version "1.80.6"
  resolved "https://registry.yarnpkg.com/sass-embedded-linux-musl-arm/-/sass-embedded-linux-musl-arm-1.80.6.tgz#41039f857684ee3470ec9e0d310add5f6f1b694d"
  integrity sha512-X9FC8s8fvQGRiXc+eATlZ57N44Iq3nNa0M0ugi3ysdJwkaNYvOeS4QzBHKQAaw3QiTqdxTnLUHHVBkyzdCi9pw==

sass-embedded-linux-musl-ia32@1.80.6:
  version "1.80.6"
  resolved "https://registry.yarnpkg.com/sass-embedded-linux-musl-ia32/-/sass-embedded-linux-musl-ia32-1.80.6.tgz#8ff88c78ba3503a19d59c5b8fa172fdea00a67f8"
  integrity sha512-GqitS2Nab8ah0+wfCqaxW1hnI1piC08FimL6+lM9YWK5DbCOOF82IapbvJOy0feUmd/wNnHmyNTgE9h0zVMFdQ==

sass-embedded-linux-musl-riscv64@1.80.6:
  version "1.80.6"
  resolved "https://registry.yarnpkg.com/sass-embedded-linux-musl-riscv64/-/sass-embedded-linux-musl-riscv64-1.80.6.tgz#aaa086a6ce9718d0fd7cbe584c0f2bf81bef3122"
  integrity sha512-ySs15z7QSRRQK/aByEEqaJLYW/sTpfynefNPZCtsVNVEzNRwy+DRpxNChtxo+QjKq97ocXETbdG5KLik7QOTJg==

sass-embedded-linux-musl-x64@1.80.6:
  version "1.80.6"
  resolved "https://registry.yarnpkg.com/sass-embedded-linux-musl-x64/-/sass-embedded-linux-musl-x64-1.80.6.tgz#ea0bb093837be3b6f473b9a1b5d09c4633f8e504"
  integrity sha512-DzeNqU/SN0mWFznoOH4RtVGcrg3Eoa41pUQhKMtrhNbCmIE1zNDunUiAEVTNpdHJF4nxf7ELUPXWmStM31CbUQ==

sass-embedded-linux-riscv64@1.80.6:
  version "1.80.6"
  resolved "https://registry.yarnpkg.com/sass-embedded-linux-riscv64/-/sass-embedded-linux-riscv64-1.80.6.tgz#bc19c15796a3b3a3d67ea626058b3bab48344b1d"
  integrity sha512-AyoHJ3icV9xuJjq1YzJqpEj2XfiC/KBkVYTUrCELKiXP0DN1gi/BpUwZNCAgCM3CyEdMef4LQM/ztCYJxYzdyg==

sass-embedded-linux-x64@1.80.6:
  version "1.80.6"
  resolved "https://registry.yarnpkg.com/sass-embedded-linux-x64/-/sass-embedded-linux-x64-1.80.6.tgz#db076fdf0bc3c1382c8f73c8d396293b893b31ef"
  integrity sha512-EohsE9CEqx0ycylnsEj/0DNPG99Tb0qAVZspiAs5xHFCJjXOFfp3cRQu0BRf+lZ1b72IhPFXymzVtojvzUHb7g==

sass-embedded-win32-arm64@1.80.6:
  version "1.80.6"
  resolved "https://registry.yarnpkg.com/sass-embedded-win32-arm64/-/sass-embedded-win32-arm64-1.80.6.tgz#e889c421b0b31e1297414dd89448385fe443d5e2"
  integrity sha512-29wETQi1ykeVvpd4zMVokpQKFSOZskGJzZawuuNCdo7BHjHKIRDsqbz8YT1CewHPBshI0hfD21fenmjxYjGXPQ==

sass-embedded-win32-ia32@1.80.6:
  version "1.80.6"
  resolved "https://registry.yarnpkg.com/sass-embedded-win32-ia32/-/sass-embedded-win32-ia32-1.80.6.tgz#0934f3598e4fbe701b5e4e4d2a1fa6ef952f7024"
  integrity sha512-1s3OpK2iTIfIL/a91QhAQnffsbuWfnsM8Lx4Fxt0f7ErnxjCV6q8MUFTV/UhcLtLyTFnPCA62DLjp2KGCjMI9A==

sass-embedded-win32-x64@1.80.6:
  version "1.80.6"
  resolved "https://registry.yarnpkg.com/sass-embedded-win32-x64/-/sass-embedded-win32-x64-1.80.6.tgz#b7357b399c12cbb80dab2bee6f541b88a6015d76"
  integrity sha512-0pH4Zr9silHkcmLPC0ghnD3DI0vMsjA7dKvGR32/RbbjOSvHV5cDQRLiuVJAPp34dfMA7kJd1ysSchRdH0igAQ==

sass-embedded@^1.80.4:
  version "1.80.6"
  resolved "https://registry.yarnpkg.com/sass-embedded/-/sass-embedded-1.80.6.tgz#efd66c12c7f117c2dcb558e8bf6bd00cc5cd49b2"
  integrity sha512-Og4aqBnaA3oJfIpHaLuNATAqzBRgUJDYJy2X15V59cot2wYOtiT/ciPnyuq1o7vpDEeOkHhEd+mSviSlXoETug==
  dependencies:
    "@bufbuild/protobuf" "^2.0.0"
    buffer-builder "^0.2.0"
    colorjs.io "^0.5.0"
    immutable "^4.0.0"
    rxjs "^7.4.0"
    supports-color "^8.1.1"
    varint "^6.0.0"
  optionalDependencies:
    sass-embedded-android-arm "1.80.6"
    sass-embedded-android-arm64 "1.80.6"
    sass-embedded-android-ia32 "1.80.6"
    sass-embedded-android-riscv64 "1.80.6"
    sass-embedded-android-x64 "1.80.6"
    sass-embedded-darwin-arm64 "1.80.6"
    sass-embedded-darwin-x64 "1.80.6"
    sass-embedded-linux-arm "1.80.6"
    sass-embedded-linux-arm64 "1.80.6"
    sass-embedded-linux-ia32 "1.80.6"
    sass-embedded-linux-musl-arm "1.80.6"
    sass-embedded-linux-musl-arm64 "1.80.6"
    sass-embedded-linux-musl-ia32 "1.80.6"
    sass-embedded-linux-musl-riscv64 "1.80.6"
    sass-embedded-linux-musl-x64 "1.80.6"
    sass-embedded-linux-riscv64 "1.80.6"
    sass-embedded-linux-x64 "1.80.6"
    sass-embedded-win32-arm64 "1.80.6"
    sass-embedded-win32-ia32 "1.80.6"
    sass-embedded-win32-x64 "1.80.6"

sass@^1.80.6:
  version "1.80.6"
  resolved "https://registry.yarnpkg.com/sass/-/sass-1.80.6.tgz#5d0aa55763984effe41e40019c9571ab73e6851f"
  integrity sha512-ccZgdHNiBF1NHBsWvacvT5rju3y1d/Eu+8Ex6c21nHp2lZGLBEtuwc415QfiI1PJa1TpCo3iXwwSRjRpn2Ckjg==
  dependencies:
    chokidar "^4.0.0"
    immutable "^4.0.0"
    source-map-js ">=0.6.2 <2.0.0"
  optionalDependencies:
    "@parcel/watcher" "^2.4.1"

scheduler@^0.23.2:
  version "0.23.2"
  resolved "https://registry.yarnpkg.com/scheduler/-/scheduler-0.23.2.tgz#414ba64a3b282892e944cf2108ecc078d115cdc3"
  integrity sha512-UOShsPwz7NrMUqhR6t0hWjFduvOzbtv7toDH1/hIrfRNIDBnnBWd0CwJTGvTpngVlmwGCdP9/Zl/tVrDqcuYzQ==
  dependencies:
    loose-envify "^1.1.0"

"source-map-js@>=0.6.2 <2.0.0", source-map-js@^1.2.1:
  version "1.2.1"
  resolved "https://registry.yarnpkg.com/source-map-js/-/source-map-js-1.2.1.tgz#1ce5650fddd87abc099eda37dcff024c2667ae46"
  integrity sha512-UXWMKhLOwVKb728IUtQPXxfYU+usdybtUrK/8uGE8CQMvrhOpwvzDBwj0QhSL7MQc7vIsISBG8VQ8+IDQxpfQA==

stackframe@^1.3.4:
  version "1.3.4"
  resolved "https://registry.yarnpkg.com/stackframe/-/stackframe-1.3.4.tgz#b881a004c8c149a5e8efef37d51b16e412943310"
  integrity sha512-oeVtt7eWQS+Na6F//S4kJ2K2VbRlS9D43mAlMyVpVWovy9o+jfgH8O9agzANzaiLjclA0oYzUXEM4PurhSUChw==

supports-color@^8.1.1:
  version "8.1.1"
  resolved "https://registry.yarnpkg.com/supports-color/-/supports-color-8.1.1.tgz#cd6fc17e28500cff56c1b86c0a7fd4a54a73005c"
  integrity sha512-MpUEN2OodtUzxvKQl72cUF7RQ5EiHsGvSsVG0ia9c5RbWGL2CI4C7EpPS8UTBIplnlzZiNuV56w+FuNxy3ty2Q==
  dependencies:
    has-flag "^4.0.0"

to-regex-range@^5.0.1:
  version "5.0.1"
  resolved "https://registry.yarnpkg.com/to-regex-range/-/to-regex-range-5.0.1.tgz#1648c44aae7c8d988a326018ed72f5b4dd0392e4"
  integrity sha512-65P7iz6X5yEr1cwcgvQxbbIw7Uk3gOy5dIdtZ4rDveLqhrdJP+Li/Hx6tyK0NEb+2GCyneCMJiGqrADCSNk8sQ==
  dependencies:
    is-number "^7.0.0"

tslib@^2.1.0, tslib@^2.4.0:
  version "2.8.1"
  resolved "https://registry.yarnpkg.com/tslib/-/tslib-2.8.1.tgz#612efe4ed235d567e8aba5f2a5fab70280ade83f"
  integrity sha512-oJFu94HQb+KVduSUQL7wnpmqnfmLsOA/nAh6b6EH0wCEoK0/mPeXU6c3wKDV83MkOuHPRHtSXKKU99IBazS/2w==

typescript@^4.4.2:
  version "4.9.5"
  resolved "https://registry.yarnpkg.com/typescript/-/typescript-4.9.5.tgz#095979f9bcc0d09da324d58d03ce8f8374cbe65a"
  integrity sha512-1FXk9E2Hm+QzZQ7z+McJiHL4NW1F2EzMu9Nq9i3zAaGqibafqYwCVU6WyWAuyQRRzOlxou8xZSyXLEN8oKj24g==

update-browserslist-db@^1.1.1:
  version "1.1.1"
  resolved "https://registry.yarnpkg.com/update-browserslist-db/-/update-browserslist-db-1.1.1.tgz#80846fba1d79e82547fb661f8d141e0945755fe5"
  integrity sha512-R8UzCaa9Az+38REPiJ1tXlImTJXlVfgHZsglwBD/k6nj76ctsH1E3q4doGrukiLQd3sGQYu56r5+lo5r94l29A==
  dependencies:
    escalade "^3.2.0"
    picocolors "^1.1.0"

varint@^6.0.0:
  version "6.0.0"
  resolved "https://registry.yarnpkg.com/varint/-/varint-6.0.0.tgz#9881eb0ce8feaea6512439d19ddf84bf551661d0"
  integrity sha512-cXEIW6cfr15lFv563k4GuVuW/fiwjknytD37jIOLSdSWuOI6WnO/oKwmP2FQTU2l01LP8/M5TSAJpzUaGe3uWg==
